<?xml version="1.0" encoding="utf-8"?>
<Project ToolsVersion="4.0" xmlns="http://schemas.microsoft.com/developer/msbuild/2003">
  <ItemGroup>
    <Filter Include="Purr">
      <UniqueIdentifier>{AEEE8A7C-9A25-8C0D-4312-72102F28080F}</UniqueIdentifier>
    </Filter>
    <Filter Include="Purr\Events">
      <UniqueIdentifier>{D28A6751-3E40-E046-C734-DA1D33E9D64A}</UniqueIdentifier>
    </Filter>
  </ItemGroup>
  <ItemGroup>
    <ClInclude Include="src\Purr.h" />
    <ClInclude Include="src\Purr\Application.h">
      <Filter>Purr</Filter>
    </ClInclude>
    <ClInclude Include="src\Purr\Core.h">
      <Filter>Purr</Filter>
    </ClInclude>
    <ClInclude Include="src\Purr\EntryPoint.h">
      <Filter>Purr</Filter>
    </ClInclude>
    <ClInclude Include="src\Purr\Events\ApplicationEvent.h">
      <Filter>Purr\Events</Filter>
    </ClInclude>
    <ClInclude Include="src\Purr\Events\Event.h">
      <Filter>Purr\Events</Filter>
    </ClInclude>
    <ClInclude Include="src\Purr\Events\KeyEvent.h">
      <Filter>Purr\Events</Filter>
    </ClInclude>
    <ClInclude Include="src\Purr\Events\MouseEvent.h">
      <Filter>Purr\Events</Filter>
    </ClInclude>
    <ClInclude Include="src\Purr\Log.h">
      <Filter>Purr</Filter>
    </ClInclude>
    <ClInclude Include="src\purrpch.h" />
  </ItemGroup>
  <ItemGroup>
    <ClCompile Include="src\Purr\Application.cpp">
      <Filter>Purr</Filter>
    </ClCompile>
    <ClCompile Include="src\Purr\Log.cpp">
      <Filter>Purr</Filter>
    </ClCompile>
    <ClCompile Include="src\purrpch.cpp" />
  </ItemGroup>
</Project>